
Microsoft Visual Studio Solution File, Format Version 12.00
# Visual Studio Version 16
VisualStudioVersion = 16.0.30717.126
MinimumVisualStudioVersion = 10.0.40219.1
Project("{FAE04EC0-301F-11D3-BF4B-00C04F79EFBC}") = "WebApplication2", "WebApplication2\WebApplication2.csproj", "{AAC62C2F-B9EF-42D4-92DA-D3D7B1BE7DBC}"
EndProject
Global
	GlobalSection(SolutionConfigurationPlatforms) = preSolution
		Debug|Any CPU = Debug|Any CPU
		Release|Any CPU = Release|Any CPU
	EndGlobalSection
	GlobalSection(ProjectConfigurationPlatforms) = postSolution
		{AAC62C2F-B9EF-42D4-92DA-D3D7B1BE7DBC}.Debug|Any CPU.ActiveCfg = Debug|Any CPU
		{AAC62C2F-B9EF-42D4-92DA-D3D7B1BE7DBC}.Debug|Any CPU.Build.0 = Debug|Any CPU
		{AAC62C2F-B9EF-42D4-92DA-D3D7B1BE7DBC}.Release|Any CPU.ActiveCfg = Release|Any CPU
		{AAC62C2F-B9EF-42D4-92DA-D3D7B1BE7DBC}.Release|Any CPU.Build.0 = Release|Any CPU
	EndGlobalSection
	GlobalSection(SolutionProperties) = preSolution
		HideSolutionNode = FALSE
	EndGlobalSection
	GlobalSection(ExtensibilityGlobals) = postSolution
		SolutionGuid = {027FD63A-E534-453D-8A59-57451AD88741}
	EndGlobalSection
EndGlobal
